hash: f4d3dd9974319098db8449d712fd5a9735052cfa8bfa78aa09abbdaf21344bec
updated: 2017-05-03T17:09:04.138380534+03:00
imports:
- name: bitbucket.org/gohg/gohg
  version: 32d5a063a72bdf016a2600b966d741977761eda3
- name: github.com/BurntSushi/toml
  version: b26d9c308763d68093482582cea63d69be07a0f0
- name: github.com/pdedkov/goconfig
  version: 3a5bd226b2edd3ae4c9309e4e846e2c4ca83c131
testImports: []
