# This file is autogenerated, do not edit; changes may be undone by the next 'dep ensure'.


[[projects]]
  branch = "default"
  name = "bitbucket.org/gohg/gohg"
  packages = ["."]
  revision = "32d5a063a72bdf016a2600b966d741977761eda3"

[[projects]]
  name = "github.com/BurntSushi/toml"
  packages = ["."]
  revision = "b26d9c308763d68093482582cea63d69be07a0f0"
  version = "v0.3.0"

[[projects]]
  name = "github.com/pdedkov/goconfig"
  packages = ["."]
  revision = "3a5bd226b2edd3ae4c9309e4e846e2c4ca83c131"

[solve-meta]
  analyzer-name = "dep"
  analyzer-version = 1
  inputs-digest = "3e37731a08418f6d5d996b9cca3433985aefd3d005000e4fe6875caaa2500acf"
  solver-name = "gps-cdcl"
  solver-version = 1
